{
    "name": "@celeris/constants",
    "version": "0.0.3",
    "lockfileVersion": 3,
    "requires": true,
    "packages": {
        "": {
            "name": "@celeris/constants",
            "version": "0.0.3",
            "hasInstallScript": true,
            "license": "MIT",
            "dependencies": {
                "@celeris/constants": "file:",
                "lodash.pick": "4.4.0"
            }
        },
        "../../../node_modules/.pnpm/lodash.pick@4.4.0/node_modules/lodash.pick": {
            "version": "4.4.0",
            "license": "MIT"
        },
        "node_modules/@celeris/constants": {
            "resolved": "",
            "link": true
        },
        "node_modules/lodash.pick": {
            "resolved": "../../../node_modules/.pnpm/lodash.pick@4.4.0/node_modules/lodash.pick",
            "link": true
        }
    }
}
